// !$*UTF8*$!
{
	archiveVersion = 1;
	classes = {
	};
	objectVersion = 48;
	objects = {

/* Begin PBXBuildFile section */
		0E6B4E361FE4D43A0014781F /* AppDelegate.m in Sources */ = {isa = PBXBuildFile; fileRef = 0E6B4E351FE4D43A0014781F /* AppDelegate.m */; };
		0E6B4E391FE4D43B0014781F /* ViewController.m in Sources */ = {isa = PBXBuildFile; fileRef = 0E6B4E381FE4D43B0014781F /* ViewController.m */; };
		0E6B4E3C1FE4D43B0014781F /* Main.storyboard in Resources */ = {isa = PBXBuildFile; fileRef = 0E6B4E3A1FE4D43B0014781F /* Main.storyboard */; };
		0E6B4E3E1FE4D43B0014781F /* Assets.xcassets in Resources */ = {isa = PBXBuildFile; fileRef = 0E6B4E3D1FE4D43B0014781F /* Assets.xcassets */; };
		0E6B4E411FE4D43B0014781F /* LaunchScreen.storyboard in Resources */ = {isa = PBXBuildFile; fileRef = 0E6B4E3F1FE4D43B0014781F /* LaunchScreen.storyboard */; };
		0E6B4E441FE4D43B0014781F /* main.m in Sources */ = {isa = PBXBuildFile; fileRef = 0E6B4E431FE4D43B0014781F /* main.m */; };
/* End PBXBuildFile section */

/* Begin PBXFileReference section */
		0E6B4E311FE4D43A0014781F /* HBTHackathon.app */ = {isa = PBXFileReference; explicitFileType = wrapper.application; includeInIndex = 0; path = HBTHackathon.app; sourceTree = BUILT_PRODUCTS_DIR; };
		0E6B4E341FE4D43A0014781F /* AppDelegate.h */ = {isa = PBXFileReference; lastKnownFileType = sourcecode.c.h; path = AppDelegate.h; sourceTree = "<group>"; };
		0E6B4E351FE4D43A0014781F /* AppDelegate.m */ = {isa = PBXFileReference; lastKnownFileType = sourcecode.c.objc; path = AppDelegate.m; sourceTree = "<group>"; };
		0E6B4E371FE4D43A0014781F /* ViewController.h */ = {isa = PBXFileReference; lastKnownFileType = sourcecode.c.h; path = ViewController.h; sourceTree = "<group>"; };
		0E6B4E381FE4D43B0014781F /* ViewController.m */ = {isa = PBXFileReference; lastKnownFileType = sourcecode.c.objc; path = ViewController.m; sourceTree = "<group>"; };
		0E6B4E3B1FE4D43B0014781F /* Base */ = {isa = PBXFileReference; lastKnownFileType = file.storyboard; name = Base; path = Base.lproj/Main.storyboard; sourceTree = "<group>"; };
		0E6B4E3D1FE4D43B0014781F /* Assets.xcassets */ = {isa = PBXFileReference; lastKnownFileType = folder.assetcatalog; path = Assets.xcassets; sourceTree = "<group>"; };
		0E6B4E401FE4D43B0014781F /* Base */ = {isa = PBXFileReference; lastKnownFileType = file.storyboard; name = Base; path = Base.lproj/LaunchScreen.storyboard; sourceTree = "<group>"; };
		0E6B4E421FE4D43B0014781F /* Info.plist */ = {isa = PBXFileReference; lastKnownFileType = text.plist.xml; path = Info.plist; sourceTree = "<group>"; };
		0E6B4E431FE4D43B0014781F /* main.m */ = {isa = PBXFileReference; lastKnownFileType = sourcecode.c.objc; path = main.m; sourceTree = "<group>"; };
/* End PBXFileReference section */

/* Begin PBXFrameworksBuildPhase section */
		0E6B4E2E1FE4D43A0014781F /* Frameworks */ = {
			isa = PBXFrameworksBuildPhase;
			buildActionMask = 2147483647;
			files = (
			);
			runOnlyForDeploymentPostprocessing = 0;
		};
/* End PBXFrameworksBuildPhase section */

/* Begin PBXGroup section */
		0E6B4E281FE4D43A0014781F = {
			isa = PBXGroup;
			children = (
				0E6B4E331FE4D43A0014781F /* HBTHackathon */,
				0E6B4E321FE4D43A0014781F /* Products */,
			);
			sourceTree = "<group>";
		};
		0E6B4E321FE4D43A0014781F /* Products */ = {
			isa = PBXGroup;
			children = (
				0E6B4E311FE4D43A0014781F /* HBTHackathon.app */,
			);
			name = Products;
			sourceTree = "<group>";
		};
		0E6B4E331FE4D43A0014781F /* HBTHackathon */ = {
			isa = PBXGroup;
			children = (
				0E6B4E341FE4D43A0014781F /* AppDelegate.h */,
				0E6B4E351FE4D43A0014781F /* AppDelegate.m */,
				0E6B4E371FE4D43A0014781F /* ViewController.h */,
				0E6B4E381FE4D43B0014781F /* ViewController.m */,
				0E6B4E3A1FE4D43B0014781F /* Main.storyboard */,
				0E6B4E3D1FE4D43B0014781F /* Assets.xcassets */,
				0E6B4E3F1FE4D43B0014781F /* LaunchScreen.storyboard */,
				0E6B4E421FE4D43B0014781F /* Info.plist */,
				0E6B4E431FE4D43B0014781F /* main.m */,
			);
			path = HBTHackathon;
			sourceTree = "<group>";
		};
/* End PBXGroup section */

/* Begin PBXNativeTarget section */
		0E6B4E301FE4D43A0014781F /* HBTHackathon */ = {
			isa = PBXNativeTarget;
			buildConfigurationList = 0E6B4E471FE4D43B0014781F /* Build configuration list for PBXNativeTarget "HBTHackathon" */;
			buildPhases = (
				0E6B4E2D1FE4D43A0014781F /* Sources */,
				0E6B4E2E1FE4D43A0014781F /* Frameworks */,
				0E6B4E2F1FE4D43A0014781F /* Resources */,
			);
			buildRules = (
			);
			dependencies = (
			);
			name = HBTHackathon;
			productName = HBTHackathon;
			productReference = 0E6B4E311FE4D43A0014781F /* HBTHackathon.app */;
			productType = "com.apple.product-type.application";
		};
/* End PBXNativeTarget section */

/* Begin PBXProject section */
		0E6B4E291FE4D43A0014781F /* Project object */ = {
			isa = PBXProject;
			attributes = {
				LastUpgradeCheck = 0920;
				ORGANIZATIONNAME = NghiaNH;
				TargetAttributes = {
					0E6B4E301FE4D43A0014781F = {
						CreatedOnToolsVersion = 9.2;
						ProvisioningStyle = Automatic;
					};
				};
			};
			buildConfigurationList = 0E6B4E2C1FE4D43A0014781F /* Build configuration list for PBXProject "HBTHackathon" */;
			compatibilityVersion = "Xcode 8.0";
			developmentRegion = en;
			hasScannedForEncodings = 0;
			knownRegions = (
				en,
				Base,
			);
			mainGroup = 0E6B4E281FE4D43A0014781F;
			productRefGroup = 0E6B4E321FE4D43A0014781F /* Products */;
			projectDirPath = "";
			projectRoot = "";
			targets = (
				0E6B4E301FE4D43A0014781F /* HBTHackathon */,
			);
		};
/* End PBXProject section */

/* Begin PBXResourcesBuildPhase section */
		0E6B4E2F1FE4D43A0014781F /* Resources */ = {
			isa = PBXResourcesBuildPhase;
			buildActionMask = 2147483647;
			files = (
				0E6B4E411FE4D43B0014781F /* LaunchScreen.storyboard in Resources */,
				0E6B4E3E1FE4D43B0014781F /* Assets.xcassets in Resources */,
				0E6B4E3C1FE4D43B0014781F /* Main.storyboard in Resources */,
			);
			runOnlyForDeploymentPostprocessing = 0;
		};
/* End PBXResourcesBuildPhase section */

/* Begin PBXSourcesBuildPhase section */
		0E6B4E2D1FE4D43A0014781F /* Sources */ = {
			isa = PBXSourcesBuildPhase;
			buildActionMask = 2147483647;
			files = (
				0E6B4E391FE4D43B0014781F /* ViewController.m in Sources */,
				0E6B4E441FE4D43B0014781F /* main.m in Sources */,
				0E6B4E361FE4D43A0014781F /* AppDelegate.m in Sources */,
			);
			runOnlyForDeploymentPostprocessing = 0;
		};
/* End PBXSourcesBuildPhase section */

/* Begin PBXVariantGroup section */
		0E6B4E3A1FE4D43B0014781F /* Main.storyboard */ = {
			isa = PBXVariantGroup;
			children = (
				0E6B4E3B1FE4D43B0014781F /* Base */,
			);
			name = Main.storyboard;
			sourceTree = "<group>";
		};
		0E6B4E3F1FE4D43B0014781F /* LaunchScreen.storyboard */ = {
			isa = PBXVariantGroup;
			children = (
				0E6B4E401FE4D43B0014781F /* Base */,
			);
			name = LaunchScreen.storyboard;
			sourceTree = "<group>";
		};
/* End PBXVariantGroup section */

/* Begin XCBuildConfiguration section */
		0E6B4E451FE4D43B0014781F /* Debug */ = {
			isa = XCBuildConfiguration;
			buildSettings = {
				ALWAYS_SEARCH_USER_PATHS = NO;
				CLANG_ANALYZER_NONNULL = YES;
				CLANG_ANALYZER_NUMBER_OBJECT_CONVERSION = YES_AGGRESSIVE;
				CLANG_CXX_LANGUAGE_STANDARD = "gnu++14";
				CLANG_CXX_LIBRARY = "libc++";
				CLANG_ENABLE_MODULES = YES;
				CLANG_ENABLE_OBJC_ARC = YES;
				CLANG_WARN_BLOCK_CAPTURE_AUTORELEASING = YES;
				CLANG_WARN_BOOL_CONVERSION = YES;
				CLANG_WARN_COMMA = YES;
				CLANG_WARN_CONSTANT_CONVERSION = YES;
				CLANG_WARN_DIRECT_OBJC_ISA_USAGE = YES_ERROR;
				CLANG_WARN_DOCUMENTATION_COMMENTS = YES;
				CLANG_WARN_EMPTY_BODY = YES;
				CLANG_WARN_ENUM_CONVERSION = YES;
				CLANG_WARN_INFINITE_RECURSION = YES;
				CLANG_WARN_INT_CONVERSION = YES;
				CLANG_WARN_NON_LITERAL_NULL_CONVERSION = YES;
				CLANG_WARN_OBJC_LITERAL_CONVERSION = YES;
				CLANG_WARN_OBJC_ROOT_CLASS = YES_ERROR;
				CLANG_WARN_RANGE_LOOP_ANALYSIS = YES;
				CLANG_WARN_STRICT_PROTOTYPES = YES;
				CLANG_WARN_SUSPICIOUS_MOVE = YES;
				CLANG_WARN_UNGUARDED_AVAILABILITY = YES_AGGRESSIVE;
				CLANG_WARN_UNREACHABLE_CODE = YES;
				CLANG_WARN__DUPLICATE_METHOD_MATCH = YES;
				CODE_SIGN_IDENTITY = "iPhone Developer";
				COPY_PHASE_STRIP = NO;
				DEBUG_INFORMATION_FORMAT = dwarf;
				ENABLE_STRICT_OBJC_MSGSEND = YES;
				ENABLE_TESTABILITY = YES;
				GCC_C_LANGUAGE_STANDARD = gnu11;
				GCC_DYNAMIC_NO_PIC = NO;
				GCC_NO_COMMON_BLOCKS = YES;
				GCC_OPTIMIZATION_LEVEL = 0;
				GCC_PREPROCESSOR_DEFINITIONS = (
					"DEBUG=1",
					"$(inherited)",
				);
				GCC_WARN_64_TO_32_BIT_CONVERSION = YES;
				GCC_WARN_ABOUT_RETURN_TYPE = YES_ERROR;
				GCC_WARN_UNDECLARED_SELECTOR = YES;
				GCC_WARN_UNINITIALIZED_AUTOS = YES_AGGRESSIVE;
				GCC_WARN_UNUSED_FUNCTION = YES;
				GCC_WARN_UNUSED_VARIABLE = YES;
				IPHONEOS_DEPLOYMENT_TARGET = 11.2;
				MTL_ENABLE_DEBUG_INFO = YES;
				ONLY_ACTIVE_ARCH = YES;
				SDKROOT = iphoneos;
			};
			name = Debug;
		};
		0E6B4E461FE4D43B0014781F /* Release */ = {
			isa = XCBuildConfiguration;
			buildSettings = {
				ALWAYS_SEARCH_USER_PATHS = NO;
				CLANG_ANALYZER_NONNULL = YES;
				CLANG_ANALYZER_NUMBER_OBJECT_CONVERSION = YES_AGGRESSIVE;
				CLANG_CXX_LANGUAGE_STANDARD = "gnu++14";
				CLANG_CXX_LIBRARY = "libc++";
				CLANG_ENABLE_MODULES = YES;
				CLANG_ENABLE_OBJC_ARC = YES;
				CLANG_WARN_BLOCK_CAPTURE_AUTORELEASING = YES;
				CLANG_WARN_BOOL_CONVERSION = YES;
				CLANG_WARN_COMMA = YES;
				CLANG_WARN_CONSTANT_CONVERSION = YES;
				CLANG_WARN_DIRECT_OBJC_ISA_USAGE = YES_ERROR;
				CLANG_WARN_DOCUMENTATION_COMMENTS = YES;
				CLANG_WARN_EMPTY_BODY = YES;
				CLANG_WARN_ENUM_CONVERSION = YES;
				CLANG_WARN_INFINITE_RECURSION = YES;
				CLANG_WARN_INT_CONVERSION = YES;
				CLANG_WARN_NON_LITERAL_NULL_CONVERSION = YES;
				CLANG_WARN_OBJC_LITERAL_CONVERSION = YES;
				CLANG_WARN_OBJC_ROOT_CLASS = YES_ERROR;
				CLANG_WARN_RANGE_LOOP_ANALYSIS = YES;
				CLANG_WARN_STRICT_PROTOTYPES = YES;
				CLANG_WARN_SUSPICIOUS_MOVE = YES;
				CLANG_WARN_UNGUARDED_AVAILABILITY = YES_AGGRESSIVE;
				CLANG_WARN_UNREACHABLE_CODE = YES;
				CLANG_WARN__DUPLICATE_METHOD_MATCH = YES;
				CODE_SIGN_IDENTITY = "iPhone Developer";
				COPY_PHASE_STRIP = NO;
				DEBUG_INFORMATION_FORMAT = "dwarf-with-dsym";
				ENABLE_NS_ASSERTIONS = NO;
				ENABLE_STRICT_OBJC_MSGSEND = YES;
				GCC_C_LANGUAGE_STANDARD = gnu11;
				GCC_NO_COMMON_BLOCKS = YES;
				GCC_WARN_64_TO_32_BIT_CONVERSION = YES;
				GCC_WARN_ABOUT_RETURN_TYPE = YES_ERROR;
				GCC_WARN_UNDECLARED_SELECTOR = YES;
				GCC_WARN_UNINITIALIZED_AUTOS = YES_AGGRESSIVE;
				GCC_WARN_UNUSED_FUNCTION = YES;
				GCC_WARN_UNUSED_VARIABLE = YES;
				IPHONEOS_DEPLOYMENT_TARGET = 11.2;
				MTL_ENABLE_DEBUG_INFO = NO;
				SDKROOT = iphoneos;
				VALIDATE_PRODUCT = YES;
			};
			name = Release;
		};
		0E6B4E481FE4D43B0014781F /* Debug */ = {
			isa = XCBuildConfiguration;
			buildSettings = {
				ASSETCATALOG_COMPILER_APPICON_NAME = AppIcon;
				CODE_SIGN_STYLE = Automatic;
				DEVELOPMENT_TEAM = T7XKZVJT62;
				INFOPLIST_FILE = HBTHackathon/Info.plist;
				LD_RUNPATH_SEARCH_PATHS = "$(inherited) @executable_path/Frameworks";
				PRODUCT_BUNDLE_IDENTIFIER = vn.hblab.HBTHackathon;
				PRODUCT_NAME = "$(TARGET_NAME)";
				TARGETED_DEVICE_FAMILY = "1,2";
			};
			name = Debug;
		};
		0E6B4E491FE4D43B0014781F /* Release */ = {
			isa = XCBuildConfiguration;
			buildSettings = {
				ASSETCATALOG_COMPILER_APPICON_NAME = AppIcon;
				CODE_SIGN_STYLE = Automatic;
				DEVELOPMENT_TEAM = T7XKZVJT62;
				INFOPLIST_FILE = HBTHackathon/Info.plist;
				LD_RUNPATH_SEARCH_PATHS = "$(inherited) @executable_path/Frameworks";
				PRODUCT_BUNDLE_IDENTIFIER = vn.hblab.HBTHackathon;
				PRODUCT_NAME = "$(TARGET_NAME)";
				TARGETED_DEVICE_FAMILY = "1,2";
			};
			name = Release;
		};
/* End XCBuildConfiguration section */

/* Begin XCConfigurationList section */
		0E6B4E2C1FE4D43A0014781F /* Build configuration list for PBXProject "HBTHackathon" */ = {
			isa = XCConfigurationList;
			buildConfigurations = (
				0E6B4E451FE4D43B0014781F /* Debug */,
				0E6B4E461FE4D43B0014781F /* Release */,
			);
			defaultConfigurationIsVisible = 0;
			defaultConfigurationName = Release;
		};
		0E6B4E471FE4D43B0014781F /* Build configuration list for PBXNativeTarget "HBTHackathon" */ = {
			isa = XCConfigurationList;
			buildConfigurations = (
				0E6B4E481FE4D43B0014781F /* Debug */,
				0E6B4E491FE4D43B0014781F /* Release */,
			);
			defaultConfigurationIsVisible = 0;
			defaultConfigurationName = Release;
		};
/* End XCConfigurationList section */
	};
	rootObject = 0E6B4E291FE4D43A0014781F /* Project object */;
}
